
Microsoft Visual Studio Solution File, Format Version 12.00
# Visual Studio Version 16
VisualStudioVersion = 16.0.34031.81
MinimumVisualStudioVersion = 10.0.40219.1
Project("{FAE04EC0-301F-11D3-BF4B-00C04F79EFBC}") = "Exercise1", "Exercise1\Exercise1.csproj", "{32AC631D-3225-47C1-A656-2AC01BEC7A03}"
EndProject
Global
	GlobalSection(SolutionConfigurationPlatforms) = preSolution
		Debug|Any CPU = Debug|Any CPU
		Release|Any CPU = Release|Any CPU
	EndGlobalSection
	GlobalSection(ProjectConfigurationPlatforms) = postSolution
		{32AC631D-3225-47C1-A656-2AC01BEC7A03}.Debug|Any CPU.ActiveCfg = Debug|Any CPU
		{32AC631D-3225-47C1-A656-2AC01BEC7A03}.Debug|Any CPU.Build.0 = Debug|Any CPU
		{32AC631D-3225-47C1-A656-2AC01BEC7A03}.Release|Any CPU.ActiveCfg = Release|Any CPU
		{32AC631D-3225-47C1-A656-2AC01BEC7A03}.Release|Any CPU.Build.0 = Release|Any CPU
	EndGlobalSection
	GlobalSection(SolutionProperties) = preSolution
		HideSolutionNode = FALSE
	EndGlobalSection
	GlobalSection(ExtensibilityGlobals) = postSolution
		SolutionGuid = {E3BF1B9A-4162-4909-A0F2-53FFB4CC9345}
	EndGlobalSection
EndGlobal
